
Microsoft Visual Studio Solution File, Format Version 12.00
# Visual Studio Version 17
VisualStudioVersion = 17.8.34511.84
MinimumVisualStudioVersion = 10.0.40219.1
Project("{FAE04EC0-301F-11D3-BF4B-00C04F79EFBC}") = "Buildweek4", "Buildweek4.csproj", "{205FFDA4-B955-4AC7-96D4-C6504DF67F53}"
EndProject
Global
	GlobalSection(SolutionConfigurationPlatforms) = preSolution
		Debug|Any CPU = Debug|Any CPU
		Release|Any CPU = Release|Any CPU
	EndGlobalSection
	GlobalSection(ProjectConfigurationPlatforms) = postSolution
		{205FFDA4-B955-4AC7-96D4-C6504DF67F53}.Debug|Any CPU.ActiveCfg = Debug|Any CPU
		{205FFDA4-B955-4AC7-96D4-C6504DF67F53}.Debug|Any CPU.Build.0 = Debug|Any CPU
		{205FFDA4-B955-4AC7-96D4-C6504DF67F53}.Release|Any CPU.ActiveCfg = Release|Any CPU
		{205FFDA4-B955-4AC7-96D4-C6504DF67F53}.Release|Any CPU.Build.0 = Release|Any CPU
	EndGlobalSection
	GlobalSection(SolutionProperties) = preSolution
		HideSolutionNode = FALSE
	EndGlobalSection
	GlobalSection(ExtensibilityGlobals) = postSolution
		SolutionGuid = {742EA3B7-6FD7-464B-B25E-B785E2C4F0F0}
	EndGlobalSection
EndGlobal
